<?xml version="1.0" encoding="utf-8"?>
<Project ToolsVersion="4.0" xmlns="http://schemas.microsoft.com/developer/msbuild/2003">
  <ItemGroup>
    <ClCompile Include="main.cpp" />
  </ItemGroup>
  <ItemGroup>
    <ClInclude Include="headers\imports.hpp" />
    <ClInclude Include="headers\engine.hpp" />
    <ClInclude Include="headers\util.hpp" />
    <ClInclude Include="headers\game.hpp" />
    <ClInclude Include="headers\globals.hpp" />
    <ClInclude Include="detours.hpp" />
  </ItemGroup>
</Project>